
Microsoft Visual Studio Solution File, Format Version 12.00
# Visual Studio Version 17
VisualStudioVersion = 17.3.32929.385
MinimumVisualStudioVersion = 10.0.40219.1
Project("{888888A0-9F3D-457C-B088-3A5042F75D52}") = "GPT3consoleapp", "GPT3consoleapp.pyproj", "{B2ADF1EF-3D89-4A91-B837-3CD661970984}"
EndProject
Global
	GlobalSection(SolutionConfigurationPlatforms) = preSolution
		Debug|Any CPU = Debug|Any CPU
		Release|Any CPU = Release|Any CPU
	EndGlobalSection
	GlobalSection(ProjectConfigurationPlatforms) = postSolution
		{B2ADF1EF-3D89-4A91-B837-3CD661970984}.Debug|Any CPU.ActiveCfg = Debug|Any CPU
		{B2ADF1EF-3D89-4A91-B837-3CD661970984}.Release|Any CPU.ActiveCfg = Release|Any CPU
	EndGlobalSection
	GlobalSection(SolutionProperties) = preSolution
		HideSolutionNode = FALSE
	EndGlobalSection
	GlobalSection(ExtensibilityGlobals) = postSolution
		SolutionGuid = {EF0D9514-25FD-4AD7-88B7-46EAFE38D411}
	EndGlobalSection
EndGlobal
